// !$*UTF8*$!
{
	archiveVersion = 1;
	classes = {
	};
	objectVersion = 50;
	objects = {

/* Begin PBXBuildFile section */
		DE36FACF2541ACFE00BC7577 /* AppDelegate.swift in Sources */ = {isa = PBXBuildFile; fileRef = DE36FACE2541ACFE00BC7577 /* AppDelegate.swift */; };
		DE36FAD12541ACFE00BC7577 /* SceneDelegate.swift in Sources */ = {isa = PBXBuildFile; fileRef = DE36FAD02541ACFE00BC7577 /* SceneDelegate.swift */; };
		DE36FAD62541ACFE00BC7577 /* Main.storyboard in Resources */ = {isa = PBXBuildFile; fileRef = DE36FAD42541ACFE00BC7577 /* Main.storyboard */; };
		DE36FAD82541ACFF00BC7577 /* Assets.xcassets in Resources */ = {isa = PBXBuildFile; fileRef = DE36FAD72541ACFF00BC7577 /* Assets.xcassets */; };
		DE36FADB2541ACFF00BC7577 /* LaunchScreen.storyboard in Resources */ = {isa = PBXBuildFile; fileRef = DE36FAD92541ACFF00BC7577 /* LaunchScreen.storyboard */; };
		DE36FAE32541DAF300BC7577 /* MyProgressView.swift in Sources */ = {isa = PBXBuildFile; fileRef = DE36FAE22541DAF300BC7577 /* MyProgressView.swift */; };
		DEB3F57325554CB40042E4C4 /* AddTaskViewController.swift in Sources */ = {isa = PBXBuildFile; fileRef = DEB3F57225554CB40042E4C4 /* AddTaskViewController.swift */; };
		DEB3F57525554E880042E4C4 /* AddTask.storyboard in Resources */ = {isa = PBXBuildFile; fileRef = DEB3F57425554E880042E4C4 /* AddTask.storyboard */; };
		DED52B2525483D4800416461 /* UICollectionViewAddItemButton.swift in Sources */ = {isa = PBXBuildFile; fileRef = DED52B2425483D4800416461 /* UICollectionViewAddItemButton.swift */; };
		DED52B5E254B044B00416461 /* ViewController.swift in Sources */ = {isa = PBXBuildFile; fileRef = DE36FAD22541ACFE00BC7577 /* ViewController.swift */; };
		DED52B66254B116100416461 /* TMTask.swift in Sources */ = {isa = PBXBuildFile; fileRef = DED52B65254B116100416461 /* TMTask.swift */; };
		DED52B67254B118100416461 /* TMTask.swift in Sources */ = {isa = PBXBuildFile; fileRef = DED52B65254B116100416461 /* TMTask.swift */; };
		DED52B6A254B189E00416461 /* TMTaskSorage.swift in Sources */ = {isa = PBXBuildFile; fileRef = DED52B69254B189E00416461 /* TMTaskSorage.swift */; };
		DED52B6B254B18C200416461 /* TMTaskSorage.swift in Sources */ = {isa = PBXBuildFile; fileRef = DED52B69254B189E00416461 /* TMTaskSorage.swift */; };
/* End PBXBuildFile section */

/* Begin PBXContainerItemProxy section */
		DED52B54254B013D00416461 /* PBXContainerItemProxy */ = {
			isa = PBXContainerItemProxy;
			containerPortal = DE36FAC32541ACFE00BC7577 /* Project object */;
			proxyType = 1;
			remoteGlobalIDString = DED52B4C254B00E600416461;
			remoteInfo = TimeManagerCore;
		};
/* End PBXContainerItemProxy section */

/* Begin PBXCopyFilesBuildPhase section */
		DED52B4B254B00E600416461 /* CopyFiles */ = {
			isa = PBXCopyFilesBuildPhase;
			buildActionMask = 2147483647;
			dstPath = "include/$(PRODUCT_NAME)";
			dstSubfolderSpec = 16;
			files = (
			);
			runOnlyForDeploymentPostprocessing = 0;
		};
/* End PBXCopyFilesBuildPhase section */

/* Begin PBXFileReference section */
		DE36FACB2541ACFE00BC7577 /* TimeManager.app */ = {isa = PBXFileReference; explicitFileType = wrapper.application; includeInIndex = 0; path = TimeManager.app; sourceTree = BUILT_PRODUCTS_DIR; };
		DE36FACE2541ACFE00BC7577 /* AppDelegate.swift */ = {isa = PBXFileReference; lastKnownFileType = sourcecode.swift; path = AppDelegate.swift; sourceTree = "<group>"; };
		DE36FAD02541ACFE00BC7577 /* SceneDelegate.swift */ = {isa = PBXFileReference; lastKnownFileType = sourcecode.swift; path = SceneDelegate.swift; sourceTree = "<group>"; };
		DE36FAD22541ACFE00BC7577 /* ViewController.swift */ = {isa = PBXFileReference; lastKnownFileType = sourcecode.swift; path = ViewController.swift; sourceTree = "<group>"; };
		DE36FAD52541ACFE00BC7577 /* Base */ = {isa = PBXFileReference; lastKnownFileType = file.storyboard; name = Base; path = Base.lproj/Main.storyboard; sourceTree = "<group>"; };
		DE36FAD72541ACFF00BC7577 /* Assets.xcassets */ = {isa = PBXFileReference; lastKnownFileType = folder.assetcatalog; path = Assets.xcassets; sourceTree = "<group>"; };
		DE36FADA2541ACFF00BC7577 /* Base */ = {isa = PBXFileReference; lastKnownFileType = file.storyboard; name = Base; path = Base.lproj/LaunchScreen.storyboard; sourceTree = "<group>"; };
		DE36FADC2541ACFF00BC7577 /* Info.plist */ = {isa = PBXFileReference; lastKnownFileType = text.plist.xml; path = Info.plist; sourceTree = "<group>"; };
		DE36FAE22541DAF300BC7577 /* MyProgressView.swift */ = {isa = PBXFileReference; lastKnownFileType = sourcecode.swift; path = MyProgressView.swift; sourceTree = "<group>"; };
		DEB3F57225554CB40042E4C4 /* AddTaskViewController.swift */ = {isa = PBXFileReference; lastKnownFileType = sourcecode.swift; path = AddTaskViewController.swift; sourceTree = "<group>"; };
		DEB3F57425554E880042E4C4 /* AddTask.storyboard */ = {isa = PBXFileReference; lastKnownFileType = file.storyboard; path = AddTask.storyboard; sourceTree = "<group>"; };
		DED52B2425483D4800416461 /* UICollectionViewAddItemButton.swift */ = {isa = PBXFileReference; lastKnownFileType = sourcecode.swift; path = UICollectionViewAddItemButton.swift; sourceTree = "<group>"; };
		DED52B4D254B00E600416461 /* libTimeManagerCore.a */ = {isa = PBXFileReference; explicitFileType = archive.ar; includeInIndex = 0; path = libTimeManagerCore.a; sourceTree = BUILT_PRODUCTS_DIR; };
		DED52B65254B116100416461 /* TMTask.swift */ = {isa = PBXFileReference; lastKnownFileType = sourcecode.swift; path = TMTask.swift; sourceTree = "<group>"; };
		DED52B69254B189E00416461 /* TMTaskSorage.swift */ = {isa = PBXFileReference; lastKnownFileType = sourcecode.swift; path = TMTaskSorage.swift; sourceTree = "<group>"; };
/* End PBXFileReference section */

/* Begin PBXFrameworksBuildPhase section */
		DE36FAC82541ACFE00BC7577 /* Frameworks */ = {
			isa = PBXFrameworksBuildPhase;
			buildActionMask = 2147483647;
			files = (
			);
			runOnlyForDeploymentPostprocessing = 0;
		};
		DED52B4A254B00E600416461 /* Frameworks */ = {
			isa = PBXFrameworksBuildPhase;
			buildActionMask = 2147483647;
			files = (
			);
			runOnlyForDeploymentPostprocessing = 0;
		};
/* End PBXFrameworksBuildPhase section */

/* Begin PBXGroup section */
		DE36FAC22541ACFE00BC7577 = {
			isa = PBXGroup;
			children = (
				DE36FACD2541ACFE00BC7577 /* TimeManager */,
				DED52B4E254B00E600416461 /* TimeManagerCore */,
				DE36FACC2541ACFE00BC7577 /* Products */,
			);
			sourceTree = "<group>";
		};
		DE36FACC2541ACFE00BC7577 /* Products */ = {
			isa = PBXGroup;
			children = (
				DE36FACB2541ACFE00BC7577 /* TimeManager.app */,
				DED52B4D254B00E600416461 /* libTimeManagerCore.a */,
			);
			name = Products;
			sourceTree = "<group>";
		};
		DE36FACD2541ACFE00BC7577 /* TimeManager */ = {
			isa = PBXGroup;
			children = (
				DE36FACE2541ACFE00BC7577 /* AppDelegate.swift */,
				DE36FAD02541ACFE00BC7577 /* SceneDelegate.swift */,
				DE36FAD22541ACFE00BC7577 /* ViewController.swift */,
				DE36FAD42541ACFE00BC7577 /* Main.storyboard */,
				DEB3F57225554CB40042E4C4 /* AddTaskViewController.swift */,
				DEB3F57425554E880042E4C4 /* AddTask.storyboard */,
				DE36FAD72541ACFF00BC7577 /* Assets.xcassets */,
				DE36FAD92541ACFF00BC7577 /* LaunchScreen.storyboard */,
				DE36FADC2541ACFF00BC7577 /* Info.plist */,
				DE36FAE22541DAF300BC7577 /* MyProgressView.swift */,
				DED52B2425483D4800416461 /* UICollectionViewAddItemButton.swift */,
			);
			path = TimeManager;
			sourceTree = "<group>";
		};
		DED52B4E254B00E600416461 /* TimeManagerCore */ = {
			isa = PBXGroup;
			children = (
				DED52B65254B116100416461 /* TMTask.swift */,
				DED52B69254B189E00416461 /* TMTaskSorage.swift */,
			);
			path = TimeManagerCore;
			sourceTree = "<group>";
		};
/* End PBXGroup section */

/* Begin PBXNativeTarget section */
		DE36FACA2541ACFE00BC7577 /* TimeManager */ = {
			isa = PBXNativeTarget;
			buildConfigurationList = DE36FADF2541ACFF00BC7577 /* Build configuration list for PBXNativeTarget "TimeManager" */;
			buildPhases = (
				DE36FAC72541ACFE00BC7577 /* Sources */,
				DE36FAC82541ACFE00BC7577 /* Frameworks */,
				DE36FAC92541ACFE00BC7577 /* Resources */,
			);
			buildRules = (
			);
			dependencies = (
				DED52B55254B013D00416461 /* PBXTargetDependency */,
			);
			name = TimeManager;
			productName = TimeMannager;
			productReference = DE36FACB2541ACFE00BC7577 /* TimeManager.app */;
			productType = "com.apple.product-type.application";
		};
		DED52B4C254B00E600416461 /* TimeManagerCore */ = {
			isa = PBXNativeTarget;
			buildConfigurationList = DED52B51254B00E600416461 /* Build configuration list for PBXNativeTarget "TimeManagerCore" */;
			buildPhases = (
				DED52B49254B00E600416461 /* Sources */,
				DED52B4A254B00E600416461 /* Frameworks */,
				DED52B4B254B00E600416461 /* CopyFiles */,
			);
			buildRules = (
			);
			dependencies = (
			);
			name = TimeManagerCore;
			productName = TimeManagerCore;
			productReference = DED52B4D254B00E600416461 /* libTimeManagerCore.a */;
			productType = "com.apple.product-type.library.static";
		};
/* End PBXNativeTarget section */

/* Begin PBXProject section */
		DE36FAC32541ACFE00BC7577 /* Project object */ = {
			isa = PBXProject;
			attributes = {
				LastSwiftUpdateCheck = 1160;
				LastUpgradeCheck = 1160;
				ORGANIZATIONNAME = "Sergey Borovkov";
				TargetAttributes = {
					DE36FACA2541ACFE00BC7577 = {
						CreatedOnToolsVersion = 11.6;
					};
					DED52B4C254B00E600416461 = {
						CreatedOnToolsVersion = 11.6;
					};
				};
			};
			buildConfigurationList = DE36FAC62541ACFE00BC7577 /* Build configuration list for PBXProject "TimeManager" */;
			compatibilityVersion = "Xcode 9.3";
			developmentRegion = en;
			hasScannedForEncodings = 0;
			knownRegions = (
				en,
				Base,
			);
			mainGroup = DE36FAC22541ACFE00BC7577;
			productRefGroup = DE36FACC2541ACFE00BC7577 /* Products */;
			projectDirPath = "";
			projectRoot = "";
			targets = (
				DE36FACA2541ACFE00BC7577 /* TimeManager */,
				DED52B4C254B00E600416461 /* TimeManagerCore */,
			);
		};
/* End PBXProject section */

/* Begin PBXResourcesBuildPhase section */
		DE36FAC92541ACFE00BC7577 /* Resources */ = {
			isa = PBXResourcesBuildPhase;
			buildActionMask = 2147483647;
			files = (
				DE36FADB2541ACFF00BC7577 /* LaunchScreen.storyboard in Resources */,
				DEB3F57525554E880042E4C4 /* AddTask.storyboard in Resources */,
				DE36FAD82541ACFF00BC7577 /* Assets.xcassets in Resources */,
				DE36FAD62541ACFE00BC7577 /* Main.storyboard in Resources */,
			);
			runOnlyForDeploymentPostprocessing = 0;
		};
/* End PBXResourcesBuildPhase section */

/* Begin PBXSourcesBuildPhase section */
		DE36FAC72541ACFE00BC7577 /* Sources */ = {
			isa = PBXSourcesBuildPhase;
			buildActionMask = 2147483647;
			files = (
				DED52B5E254B044B00416461 /* ViewController.swift in Sources */,
				DEB3F57325554CB40042E4C4 /* AddTaskViewController.swift in Sources */,
				DED52B2525483D4800416461 /* UICollectionViewAddItemButton.swift in Sources */,
				DED52B6B254B18C200416461 /* TMTaskSorage.swift in Sources */,
				DE36FAE32541DAF300BC7577 /* MyProgressView.swift in Sources */,
				DED52B67254B118100416461 /* TMTask.swift in Sources */,
				DE36FACF2541ACFE00BC7577 /* AppDelegate.swift in Sources */,
				DE36FAD12541ACFE00BC7577 /* SceneDelegate.swift in Sources */,
			);
			runOnlyForDeploymentPostprocessing = 0;
		};
		DED52B49254B00E600416461 /* Sources */ = {
			isa = PBXSourcesBuildPhase;
			buildActionMask = 2147483647;
			files = (
				DED52B6A254B189E00416461 /* TMTaskSorage.swift in Sources */,
				DED52B66254B116100416461 /* TMTask.swift in Sources */,
			);
			runOnlyForDeploymentPostprocessing = 0;
		};
/* End PBXSourcesBuildPhase section */

/* Begin PBXTargetDependency section */
		DED52B55254B013D00416461 /* PBXTargetDependency */ = {
			isa = PBXTargetDependency;
			target = DED52B4C254B00E600416461 /* TimeManagerCore */;
			targetProxy = DED52B54254B013D00416461 /* PBXContainerItemProxy */;
		};
/* End PBXTargetDependency section */

/* Begin PBXVariantGroup section */
		DE36FAD42541ACFE00BC7577 /* Main.storyboard */ = {
			isa = PBXVariantGroup;
			children = (
				DE36FAD52541ACFE00BC7577 /* Base */,
			);
			name = Main.storyboard;
			sourceTree = "<group>";
		};
		DE36FAD92541ACFF00BC7577 /* LaunchScreen.storyboard */ = {
			isa = PBXVariantGroup;
			children = (
				DE36FADA2541ACFF00BC7577 /* Base */,
			);
			name = LaunchScreen.storyboard;
			sourceTree = "<group>";
		};
/* End PBXVariantGroup section */

/* Begin XCBuildConfiguration section */
		DE36FADD2541ACFF00BC7577 /* Debug */ = {
			isa = XCBuildConfiguration;
			buildSettings = {
				ALWAYS_SEARCH_USER_PATHS = NO;
				CLANG_ANALYZER_NONNULL = YES;
				CLANG_ANALYZER_NUMBER_OBJECT_CONVERSION = YES_AGGRESSIVE;
				CLANG_CXX_LANGUAGE_STANDARD = "gnu++14";
				CLANG_CXX_LIBRARY = "libc++";
				CLANG_ENABLE_MODULES = YES;
				CLANG_ENABLE_OBJC_ARC = YES;
				CLANG_ENABLE_OBJC_WEAK = YES;
				CLANG_WARN_BLOCK_CAPTURE_AUTORELEASING = YES;
				CLANG_WARN_BOOL_CONVERSION = YES;
				CLANG_WARN_COMMA = YES;
				CLANG_WARN_CONSTANT_CONVERSION = YES;
				CLANG_WARN_DEPRECATED_OBJC_IMPLEMENTATIONS = YES;
				CLANG_WARN_DIRECT_OBJC_ISA_USAGE = YES_ERROR;
				CLANG_WARN_DOCUMENTATION_COMMENTS = YES;
				CLANG_WARN_EMPTY_BODY = YES;
				CLANG_WARN_ENUM_CONVERSION = YES;
				CLANG_WARN_INFINITE_RECURSION = YES;
				CLANG_WARN_INT_CONVERSION = YES;
				CLANG_WARN_NON_LITERAL_NULL_CONVERSION = YES;
				CLANG_WARN_OBJC_IMPLICIT_RETAIN_SELF = YES;
				CLANG_WARN_OBJC_LITERAL_CONVERSION = YES;
				CLANG_WARN_OBJC_ROOT_CLASS = YES_ERROR;
				CLANG_WARN_RANGE_LOOP_ANALYSIS = YES;
				CLANG_WARN_STRICT_PROTOTYPES = YES;
				CLANG_WARN_SUSPICIOUS_MOVE = YES;
				CLANG_WARN_UNGUARDED_AVAILABILITY = YES_AGGRESSIVE;
				CLANG_WARN_UNREACHABLE_CODE = YES;
				CLANG_WARN__DUPLICATE_METHOD_MATCH = YES;
				COPY_PHASE_STRIP = NO;
				DEBUG_INFORMATION_FORMAT = dwarf;
				ENABLE_STRICT_OBJC_MSGSEND = YES;
				ENABLE_TESTABILITY = YES;
				GCC_C_LANGUAGE_STANDARD = gnu11;
				GCC_DYNAMIC_NO_PIC = NO;
				GCC_NO_COMMON_BLOCKS = YES;
				GCC_OPTIMIZATION_LEVEL = 0;
				GCC_PREPROCESSOR_DEFINITIONS = (
					"DEBUG=1",
					"$(inherited)",
				);
				GCC_WARN_64_TO_32_BIT_CONVERSION = YES;
				GCC_WARN_ABOUT_RETURN_TYPE = YES_ERROR;
				GCC_WARN_UNDECLARED_SELECTOR = YES;
				GCC_WARN_UNINITIALIZED_AUTOS = YES_AGGRESSIVE;
				GCC_WARN_UNUSED_FUNCTION = YES;
				GCC_WARN_UNUSED_VARIABLE = YES;
				IPHONEOS_DEPLOYMENT_TARGET = 13.6;
				MTL_ENABLE_DEBUG_INFO = INCLUDE_SOURCE;
				MTL_FAST_MATH = YES;
				ONLY_ACTIVE_ARCH = YES;
				SDKROOT = iphoneos;
				SWIFT_ACTIVE_COMPILATION_CONDITIONS = DEBUG;
				SWIFT_OPTIMIZATION_LEVEL = "-Onone";
			};
			name = Debug;
		};
		DE36FADE2541ACFF00BC7577 /* Release */ = {
			isa = XCBuildConfiguration;
			buildSettings = {
				ALWAYS_SEARCH_USER_PATHS = NO;
				CLANG_ANALYZER_NONNULL = YES;
				CLANG_ANALYZER_NUMBER_OBJECT_CONVERSION = YES_AGGRESSIVE;
				CLANG_CXX_LANGUAGE_STANDARD = "gnu++14";
				CLANG_CXX_LIBRARY = "libc++";
				CLANG_ENABLE_MODULES = YES;
				CLANG_ENABLE_OBJC_ARC = YES;
				CLANG_ENABLE_OBJC_WEAK = YES;
				CLANG_WARN_BLOCK_CAPTURE_AUTORELEASING = YES;
				CLANG_WARN_BOOL_CONVERSION = YES;
				CLANG_WARN_COMMA = YES;
				CLANG_WARN_CONSTANT_CONVERSION = YES;
				CLANG_WARN_DEPRECATED_OBJC_IMPLEMENTATIONS = YES;
				CLANG_WARN_DIRECT_OBJC_ISA_USAGE = YES_ERROR;
				CLANG_WARN_DOCUMENTATION_COMMENTS = YES;
				CLANG_WARN_EMPTY_BODY = YES;
				CLANG_WARN_ENUM_CONVERSION = YES;
				CLANG_WARN_INFINITE_RECURSION = YES;
				CLANG_WARN_INT_CONVERSION = YES;
				CLANG_WARN_NON_LITERAL_NULL_CONVERSION = YES;
				CLANG_WARN_OBJC_IMPLICIT_RETAIN_SELF = YES;
				CLANG_WARN_OBJC_LITERAL_CONVERSION = YES;
				CLANG_WARN_OBJC_ROOT_CLASS = YES_ERROR;
				CLANG_WARN_RANGE_LOOP_ANALYSIS = YES;
				CLANG_WARN_STRICT_PROTOTYPES = YES;
				CLANG_WARN_SUSPICIOUS_MOVE = YES;
				CLANG_WARN_UNGUARDED_AVAILABILITY = YES_AGGRESSIVE;
				CLANG_WARN_UNREACHABLE_CODE = YES;
				CLANG_WARN__DUPLICATE_METHOD_MATCH = YES;
				COPY_PHASE_STRIP = NO;
				DEBUG_INFORMATION_FORMAT = "dwarf-with-dsym";
				ENABLE_NS_ASSERTIONS = NO;
				ENABLE_STRICT_OBJC_MSGSEND = YES;
				GCC_C_LANGUAGE_STANDARD = gnu11;
				GCC_NO_COMMON_BLOCKS = YES;
				GCC_WARN_64_TO_32_BIT_CONVERSION = YES;
				GCC_WARN_ABOUT_RETURN_TYPE = YES_ERROR;
				GCC_WARN_UNDECLARED_SELECTOR = YES;
				GCC_WARN_UNINITIALIZED_AUTOS = YES_AGGRESSIVE;
				GCC_WARN_UNUSED_FUNCTION = YES;
				GCC_WARN_UNUSED_VARIABLE = YES;
				IPHONEOS_DEPLOYMENT_TARGET = 13.6;
				MTL_ENABLE_DEBUG_INFO = NO;
				MTL_FAST_MATH = YES;
				SDKROOT = iphoneos;
				SWIFT_COMPILATION_MODE = wholemodule;
				SWIFT_OPTIMIZATION_LEVEL = "-O";
				VALIDATE_PRODUCT = YES;
			};
			name = Release;
		};
		DE36FAE02541ACFF00BC7577 /* Debug */ = {
			isa = XCBuildConfiguration;
			buildSettings = {
				ASSETCATALOG_COMPILER_APPICON_NAME = AppIcon;
				CODE_SIGN_STYLE = Automatic;
				DEVELOPMENT_TEAM = 9GT93QMV54;
				INFOPLIST_FILE = TimeManager/Info.plist;
				LD_RUNPATH_SEARCH_PATHS = (
					"$(inherited)",
					"@executable_path/Frameworks",
				);
				PRODUCT_BUNDLE_IDENTIFIER = edu.TimeManager;
				PRODUCT_NAME = TimeManager;
				SWIFT_VERSION = 5.0;
				TARGETED_DEVICE_FAMILY = 1;
			};
			name = Debug;
		};
		DE36FAE12541ACFF00BC7577 /* Release */ = {
			isa = XCBuildConfiguration;
			buildSettings = {
				ASSETCATALOG_COMPILER_APPICON_NAME = AppIcon;
				CODE_SIGN_STYLE = Automatic;
				DEVELOPMENT_TEAM = 9GT93QMV54;
				INFOPLIST_FILE = TimeManager/Info.plist;
				LD_RUNPATH_SEARCH_PATHS = (
					"$(inherited)",
					"@executable_path/Frameworks",
				);
				PRODUCT_BUNDLE_IDENTIFIER = edu.TimeManager;
				PRODUCT_NAME = TimeManager;
				SWIFT_VERSION = 5.0;
				TARGETED_DEVICE_FAMILY = 1;
			};
			name = Release;
		};
		DED52B52254B00E600416461 /* Debug */ = {
			isa = XCBuildConfiguration;
			buildSettings = {
				CODE_SIGN_STYLE = Automatic;
				DEVELOPMENT_TEAM = 9GT93QMV54;
				OTHER_LDFLAGS = "-ObjC";
				PRODUCT_NAME = "$(TARGET_NAME)";
				SKIP_INSTALL = YES;
				SWIFT_VERSION = 5.0;
				TARGETED_DEVICE_FAMILY = "1,2";
			};
			name = Debug;
		};
		DED52B53254B00E600416461 /* Release */ = {
			isa = XCBuildConfiguration;
			buildSettings = {
				CODE_SIGN_STYLE = Automatic;
				DEVELOPMENT_TEAM = 9GT93QMV54;
				OTHER_LDFLAGS = "-ObjC";
				PRODUCT_NAME = "$(TARGET_NAME)";
				SKIP_INSTALL = YES;
				SWIFT_VERSION = 5.0;
				TARGETED_DEVICE_FAMILY = "1,2";
			};
			name = Release;
		};
/* End XCBuildConfiguration section */

/* Begin XCConfigurationList section */
		DE36FAC62541ACFE00BC7577 /* Build configuration list for PBXProject "TimeManager" */ = {
			isa = XCConfigurationList;
			buildConfigurations = (
				DE36FADD2541ACFF00BC7577 /* Debug */,
				DE36FADE2541ACFF00BC7577 /* Release */,
			);
			defaultConfigurationIsVisible = 0;
			defaultConfigurationName = Release;
		};
		DE36FADF2541ACFF00BC7577 /* Build configuration list for PBXNativeTarget "TimeManager" */ = {
			isa = XCConfigurationList;
			buildConfigurations = (
				DE36FAE02541ACFF00BC7577 /* Debug */,
				DE36FAE12541ACFF00BC7577 /* Release */,
			);
			defaultConfigurationIsVisible = 0;
			defaultConfigurationName = Release;
		};
		DED52B51254B00E600416461 /* Build configuration list for PBXNativeTarget "TimeManagerCore" */ = {
			isa = XCConfigurationList;
			buildConfigurations = (
				DED52B52254B00E600416461 /* Debug */,
				DED52B53254B00E600416461 /* Release */,
			);
			defaultConfigurationIsVisible = 0;
			defaultConfigurationName = Release;
		};
/* End XCConfigurationList section */
	};
	rootObject = DE36FAC32541ACFE00BC7577 /* Project object */;
}
